// !$*UTF8*$!
{
	archiveVersion = 1;
	classes = {
	};
	objectVersion = 46;
	objects = {

/* Begin PBXBuildFile section */
		20054A1E1A3F9DCC00463A8B /* AppDelegate.swift in Sources */ = {isa = PBXBuildFile; fileRef = 20054A1D1A3F9DCC00463A8B /* AppDelegate.swift */; };
		20054A201A3F9DCC00463A8B /* ViewController.swift in Sources */ = {isa = PBXBuildFile; fileRef = 20054A1F1A3F9DCC00463A8B /* ViewController.swift */; };
		20054A231A3F9DCC00463A8B /* Main.storyboard in Resources */ = {isa = PBXBuildFile; fileRef = 20054A211A3F9DCC00463A8B /* Main.storyboard */; };
		20054A251A3F9DCC00463A8B /* Images.xcassets in Resources */ = {isa = PBXBuildFile; fileRef = 20054A241A3F9DCC00463A8B /* Images.xcassets */; };
		20054A281A3F9DCC00463A8B /* LaunchScreen.xib in Resources */ = {isa = PBXBuildFile; fileRef = 20054A261A3F9DCC00463A8B /* LaunchScreen.xib */; };
		20054A341A3F9DCD00463A8B /* mapMallyTests.swift in Sources */ = {isa = PBXBuildFile; fileRef = 20054A331A3F9DCD00463A8B /* mapMallyTests.swift */; };
/* End PBXBuildFile section */

/* Begin PBXContainerItemProxy section */
		20054A2E1A3F9DCD00463A8B /* PBXContainerItemProxy */ = {
			isa = PBXContainerItemProxy;
			containerPortal = 20054A101A3F9DCC00463A8B /* Project object */;
			proxyType = 1;
			remoteGlobalIDString = 20054A171A3F9DCC00463A8B;
			remoteInfo = mapMally;
		};
/* End PBXContainerItemProxy section */

/* Begin PBXFileReference section */
		20054A181A3F9DCC00463A8B /* mapMally.app */ = {isa = PBXFileReference; explicitFileType = wrapper.application; includeInIndex = 0; path = mapMally.app; sourceTree = BUILT_PRODUCTS_DIR; };
		20054A1C1A3F9DCC00463A8B /* Info.plist */ = {isa = PBXFileReference; lastKnownFileType = text.plist.xml; path = Info.plist; sourceTree = "<group>"; };
		20054A1D1A3F9DCC00463A8B /* AppDelegate.swift */ = {isa = PBXFileReference; lastKnownFileType = sourcecode.swift; path = AppDelegate.swift; sourceTree = "<group>"; };
		20054A1F1A3F9DCC00463A8B /* ViewController.swift */ = {isa = PBXFileReference; lastKnownFileType = sourcecode.swift; path = ViewController.swift; sourceTree = "<group>"; };
		20054A221A3F9DCC00463A8B /* Base */ = {isa = PBXFileReference; lastKnownFileType = file.storyboard; name = Base; path = Base.lproj/Main.storyboard; sourceTree = "<group>"; };
		20054A241A3F9DCC00463A8B /* Images.xcassets */ = {isa = PBXFileReference; lastKnownFileType = folder.assetcatalog; path = Images.xcassets; sourceTree = "<group>"; };
		20054A271A3F9DCC00463A8B /* Base */ = {isa = PBXFileReference; lastKnownFileType = file.xib; name = Base; path = Base.lproj/LaunchScreen.xib; sourceTree = "<group>"; };
		20054A2D1A3F9DCD00463A8B /* mapMallyTests.xctest */ = {isa = PBXFileReference; explicitFileType = wrapper.cfbundle; includeInIndex = 0; path = mapMallyTests.xctest; sourceTree = BUILT_PRODUCTS_DIR; };
		20054A321A3F9DCD00463A8B /* Info.plist */ = {isa = PBXFileReference; lastKnownFileType = text.plist.xml; path = Info.plist; sourceTree = "<group>"; };
		20054A331A3F9DCD00463A8B /* mapMallyTests.swift */ = {isa = PBXFileReference; lastKnownFileType = sourcecode.swift; path = mapMallyTests.swift; sourceTree = "<group>"; };
/* End PBXFileReference section */

/* Begin PBXFrameworksBuildPhase section */
		20054A151A3F9DCC00463A8B /* Frameworks */ = {
			isa = PBXFrameworksBuildPhase;
			buildActionMask = 2147483647;
			files = (
			);
			runOnlyForDeploymentPostprocessing = 0;
		};
		20054A2A1A3F9DCD00463A8B /* Frameworks */ = {
			isa = PBXFrameworksBuildPhase;
			buildActionMask = 2147483647;
			files = (
			);
			runOnlyForDeploymentPostprocessing = 0;
		};
/* End PBXFrameworksBuildPhase section */

/* Begin PBXGroup section */
		20054A0F1A3F9DCC00463A8B = {
			isa = PBXGroup;
			children = (
				20054A1A1A3F9DCC00463A8B /* mapMally */,
				20054A301A3F9DCD00463A8B /* mapMallyTests */,
				20054A191A3F9DCC00463A8B /* Products */,
			);
			sourceTree = "<group>";
		};
		20054A191A3F9DCC00463A8B /* Products */ = {
			isa = PBXGroup;
			children = (
				20054A181A3F9DCC00463A8B /* mapMally.app */,
				20054A2D1A3F9DCD00463A8B /* mapMallyTests.xctest */,
			);
			name = Products;
			sourceTree = "<group>";
		};
		20054A1A1A3F9DCC00463A8B /* mapMally */ = {
			isa = PBXGroup;
			children = (
				20054A1D1A3F9DCC00463A8B /* AppDelegate.swift */,
				20054A1F1A3F9DCC00463A8B /* ViewController.swift */,
				20054A211A3F9DCC00463A8B /* Main.storyboard */,
				20054A241A3F9DCC00463A8B /* Images.xcassets */,
				20054A261A3F9DCC00463A8B /* LaunchScreen.xib */,
				20054A1B1A3F9DCC00463A8B /* Supporting Files */,
			);
			path = mapMally;
			sourceTree = "<group>";
		};
		20054A1B1A3F9DCC00463A8B /* Supporting Files */ = {
			isa = PBXGroup;
			children = (
				20054A1C1A3F9DCC00463A8B /* Info.plist */,
			);
			name = "Supporting Files";
			sourceTree = "<group>";
		};
		20054A301A3F9DCD00463A8B /* mapMallyTests */ = {
			isa = PBXGroup;
			children = (
				20054A331A3F9DCD00463A8B /* mapMallyTests.swift */,
				20054A311A3F9DCD00463A8B /* Supporting Files */,
			);
			path = mapMallyTests;
			sourceTree = "<group>";
		};
		20054A311A3F9DCD00463A8B /* Supporting Files */ = {
			isa = PBXGroup;
			children = (
				20054A321A3F9DCD00463A8B /* Info.plist */,
			);
			name = "Supporting Files";
			sourceTree = "<group>";
		};
/* End PBXGroup section */

/* Begin PBXNativeTarget section */
		20054A171A3F9DCC00463A8B /* mapMally */ = {
			isa = PBXNativeTarget;
			buildConfigurationList = 20054A371A3F9DCD00463A8B /* Build configuration list for PBXNativeTarget "mapMally" */;
			buildPhases = (
				20054A141A3F9DCC00463A8B /* Sources */,
				20054A151A3F9DCC00463A8B /* Frameworks */,
				20054A161A3F9DCC00463A8B /* Resources */,
			);
			buildRules = (
			);
			dependencies = (
			);
			name = mapMally;
			productName = mapMally;
			productReference = 20054A181A3F9DCC00463A8B /* mapMally.app */;
			productType = "com.apple.product-type.application";
		};
		20054A2C1A3F9DCD00463A8B /* mapMallyTests */ = {
			isa = PBXNativeTarget;
			buildConfigurationList = 20054A3A1A3F9DCD00463A8B /* Build configuration list for PBXNativeTarget "mapMallyTests" */;
			buildPhases = (
				20054A291A3F9DCD00463A8B /* Sources */,
				20054A2A1A3F9DCD00463A8B /* Frameworks */,
				20054A2B1A3F9DCD00463A8B /* Resources */,
			);
			buildRules = (
			);
			dependencies = (
				20054A2F1A3F9DCD00463A8B /* PBXTargetDependency */,
			);
			name = mapMallyTests;
			productName = mapMallyTests;
			productReference = 20054A2D1A3F9DCD00463A8B /* mapMallyTests.xctest */;
			productType = "com.apple.product-type.bundle.unit-test";
		};
/* End PBXNativeTarget section */

/* Begin PBXProject section */
		20054A101A3F9DCC00463A8B /* Project object */ = {
			isa = PBXProject;
			attributes = {
				LastUpgradeCheck = 0610;
				ORGANIZATIONNAME = Mal;
				TargetAttributes = {
					20054A171A3F9DCC00463A8B = {
						CreatedOnToolsVersion = 6.1.1;
					};
					20054A2C1A3F9DCD00463A8B = {
						CreatedOnToolsVersion = 6.1.1;
						TestTargetID = 20054A171A3F9DCC00463A8B;
					};
				};
			};
			buildConfigurationList = 20054A131A3F9DCC00463A8B /* Build configuration list for PBXProject "mapMally" */;
			compatibilityVersion = "Xcode 3.2";
			developmentRegion = English;
			hasScannedForEncodings = 0;
			knownRegions = (
				en,
				Base,
			);
			mainGroup = 20054A0F1A3F9DCC00463A8B;
			productRefGroup = 20054A191A3F9DCC00463A8B /* Products */;
			projectDirPath = "";
			projectRoot = "";
			targets = (
				20054A171A3F9DCC00463A8B /* mapMally */,
				20054A2C1A3F9DCD00463A8B /* mapMallyTests */,
			);
		};
/* End PBXProject section */

/* Begin PBXResourcesBuildPhase section */
		20054A161A3F9DCC00463A8B /* Resources */ = {
			isa = PBXResourcesBuildPhase;
			buildActionMask = 2147483647;
			files = (
				20054A231A3F9DCC00463A8B /* Main.storyboard in Resources */,
				20054A281A3F9DCC00463A8B /* LaunchScreen.xib in Resources */,
				20054A251A3F9DCC00463A8B /* Images.xcassets in Resources */,
			);
			runOnlyForDeploymentPostprocessing = 0;
		};
		20054A2B1A3F9DCD00463A8B /* Resources */ = {
			isa = PBXResourcesBuildPhase;
			buildActionMask = 2147483647;
			files = (
			);
			runOnlyForDeploymentPostprocessing = 0;
		};
/* End PBXResourcesBuildPhase section */

/* Begin PBXSourcesBuildPhase section */
		20054A141A3F9DCC00463A8B /* Sources */ = {
			isa = PBXSourcesBuildPhase;
			buildActionMask = 2147483647;
			files = (
				20054A201A3F9DCC00463A8B /* ViewController.swift in Sources */,
				20054A1E1A3F9DCC00463A8B /* AppDelegate.swift in Sources */,
			);
			runOnlyForDeploymentPostprocessing = 0;
		};
		20054A291A3F9DCD00463A8B /* Sources */ = {
			isa = PBXSourcesBuildPhase;
			buildActionMask = 2147483647;
			files = (
				20054A341A3F9DCD00463A8B /* mapMallyTests.swift in Sources */,
			);
			runOnlyForDeploymentPostprocessing = 0;
		};
/* End PBXSourcesBuildPhase section */

/* Begin PBXTargetDependency section */
		20054A2F1A3F9DCD00463A8B /* PBXTargetDependency */ = {
			isa = PBXTargetDependency;
			target = 20054A171A3F9DCC00463A8B /* mapMally */;
			targetProxy = 20054A2E1A3F9DCD00463A8B /* PBXContainerItemProxy */;
		};
/* End PBXTargetDependency section */

/* Begin PBXVariantGroup section */
		20054A211A3F9DCC00463A8B /* Main.storyboard */ = {
			isa = PBXVariantGroup;
			children = (
				20054A221A3F9DCC00463A8B /* Base */,
			);
			name = Main.storyboard;
			sourceTree = "<group>";
		};
		20054A261A3F9DCC00463A8B /* LaunchScreen.xib */ = {
			isa = PBXVariantGroup;
			children = (
				20054A271A3F9DCC00463A8B /* Base */,
			);
			name = LaunchScreen.xib;
			sourceTree = "<group>";
		};
/* End PBXVariantGroup section */

/* Begin XCBuildConfiguration section */
		20054A351A3F9DCD00463A8B /* Debug */ = {
			isa = XCBuildConfiguration;
			buildSettings = {
				ALWAYS_SEARCH_USER_PATHS = NO;
				CLANG_CXX_LANGUAGE_STANDARD = "gnu++0x";
				CLANG_CXX_LIBRARY = "libc++";
				CLANG_ENABLE_MODULES = YES;
				CLANG_ENABLE_OBJC_ARC = YES;
				CLANG_WARN_BOOL_CONVERSION = YES;
				CLANG_WARN_CONSTANT_CONVERSION = YES;
				CLANG_WARN_DIRECT_OBJC_ISA_USAGE = YES_ERROR;
				CLANG_WARN_EMPTY_BODY = YES;
				CLANG_WARN_ENUM_CONVERSION = YES;
				CLANG_WARN_INT_CONVERSION = YES;
				CLANG_WARN_OBJC_ROOT_CLASS = YES_ERROR;
				CLANG_WARN_UNREACHABLE_CODE = YES;
				CLANG_WARN__DUPLICATE_METHOD_MATCH = YES;
				"CODE_SIGN_IDENTITY[sdk=iphoneos*]" = "iPhone Developer";
				COPY_PHASE_STRIP = NO;
				ENABLE_STRICT_OBJC_MSGSEND = YES;
				GCC_C_LANGUAGE_STANDARD = gnu99;
				GCC_DYNAMIC_NO_PIC = NO;
				GCC_OPTIMIZATION_LEVEL = 0;
				GCC_PREPROCESSOR_DEFINITIONS = (
					"DEBUG=1",
					"$(inherited)",
				);
				GCC_SYMBOLS_PRIVATE_EXTERN = NO;
				GCC_WARN_64_TO_32_BIT_CONVERSION = YES;
				GCC_WARN_ABOUT_RETURN_TYPE = YES_ERROR;
				GCC_WARN_UNDECLARED_SELECTOR = YES;
				GCC_WARN_UNINITIALIZED_AUTOS = YES_AGGRESSIVE;
				GCC_WARN_UNUSED_FUNCTION = YES;
				GCC_WARN_UNUSED_VARIABLE = YES;
				IPHONEOS_DEPLOYMENT_TARGET = 8.1;
				MTL_ENABLE_DEBUG_INFO = YES;
				ONLY_ACTIVE_ARCH = YES;
				SDKROOT = iphoneos;
				SWIFT_OPTIMIZATION_LEVEL = "-Onone";
			};
			name = Debug;
		};
		20054A361A3F9DCD00463A8B /* Release */ = {
			isa = XCBuildConfiguration;
			buildSettings = {
				ALWAYS_SEARCH_USER_PATHS = NO;
				CLANG_CXX_LANGUAGE_STANDARD = "gnu++0x";
				CLANG_CXX_LIBRARY = "libc++";
				CLANG_ENABLE_MODULES = YES;
				CLANG_ENABLE_OBJC_ARC = YES;
				CLANG_WARN_BOOL_CONVERSION = YES;
				CLANG_WARN_CONSTANT_CONVERSION = YES;
				CLANG_WARN_DIRECT_OBJC_ISA_USAGE = YES_ERROR;
				CLANG_WARN_EMPTY_BODY = YES;
				CLANG_WARN_ENUM_CONVERSION = YES;
				CLANG_WARN_INT_CONVERSION = YES;
				CLANG_WARN_OBJC_ROOT_CLASS = YES_ERROR;
				CLANG_WARN_UNREACHABLE_CODE = YES;
				CLANG_WARN__DUPLICATE_METHOD_MATCH = YES;
				"CODE_SIGN_IDENTITY[sdk=iphoneos*]" = "iPhone Developer";
				COPY_PHASE_STRIP = YES;
				ENABLE_NS_ASSERTIONS = NO;
				ENABLE_STRICT_OBJC_MSGSEND = YES;
				GCC_C_LANGUAGE_STANDARD = gnu99;
				GCC_WARN_64_TO_32_BIT_CONVERSION = YES;
				GCC_WARN_ABOUT_RETURN_TYPE = YES_ERROR;
				GCC_WARN_UNDECLARED_SELECTOR = YES;
				GCC_WARN_UNINITIALIZED_AUTOS = YES_AGGRESSIVE;
				GCC_WARN_UNUSED_FUNCTION = YES;
				GCC_WARN_UNUSED_VARIABLE = YES;
				IPHONEOS_DEPLOYMENT_TARGET = 8.1;
				MTL_ENABLE_DEBUG_INFO = NO;
				SDKROOT = iphoneos;
				VALIDATE_PRODUCT = YES;
			};
			name = Release;
		};
		20054A381A3F9DCD00463A8B /* Debug */ = {
			isa = XCBuildConfiguration;
			buildSettings = {
				ASSETCATALOG_COMPILER_APPICON_NAME = AppIcon;
				INFOPLIST_FILE = mapMally/Info.plist;
				LD_RUNPATH_SEARCH_PATHS = "$(inherited) @executable_path/Frameworks";
				PRODUCT_NAME = "$(TARGET_NAME)";
			};
			name = Debug;
		};
		20054A391A3F9DCD00463A8B /* Release */ = {
			isa = XCBuildConfiguration;
			buildSettings = {
				ASSETCATALOG_COMPILER_APPICON_NAME = AppIcon;
				INFOPLIST_FILE = mapMally/Info.plist;
				LD_RUNPATH_SEARCH_PATHS = "$(inherited) @executable_path/Frameworks";
				PRODUCT_NAME = "$(TARGET_NAME)";
			};
			name = Release;
		};
		20054A3B1A3F9DCD00463A8B /* Debug */ = {
			isa = XCBuildConfiguration;
			buildSettings = {
				BUNDLE_LOADER = "$(TEST_HOST)";
				FRAMEWORK_SEARCH_PATHS = (
					"$(SDKROOT)/Developer/Library/Frameworks",
					"$(inherited)",
				);
				GCC_PREPROCESSOR_DEFINITIONS = (
					"DEBUG=1",
					"$(inherited)",
				);
				INFOPLIST_FILE = mapMallyTests/Info.plist;
				LD_RUNPATH_SEARCH_PATHS = "$(inherited) @executable_path/Frameworks @loader_path/Frameworks";
				PRODUCT_NAME = "$(TARGET_NAME)";
				TEST_HOST = "$(BUILT_PRODUCTS_DIR)/mapMally.app/mapMally";
			};
			name = Debug;
		};
		20054A3C1A3F9DCD00463A8B /* Release */ = {
			isa = XCBuildConfiguration;
			buildSettings = {
				BUNDLE_LOADER = "$(TEST_HOST)";
				FRAMEWORK_SEARCH_PATHS = (
					"$(SDKROOT)/Developer/Library/Frameworks",
					"$(inherited)",
				);
				INFOPLIST_FILE = mapMallyTests/Info.plist;
				LD_RUNPATH_SEARCH_PATHS = "$(inherited) @executable_path/Frameworks @loader_path/Frameworks";
				PRODUCT_NAME = "$(TARGET_NAME)";
				TEST_HOST = "$(BUILT_PRODUCTS_DIR)/mapMally.app/mapMally";
			};
			name = Release;
		};
/* End XCBuildConfiguration section */

/* Begin XCConfigurationList section */
		20054A131A3F9DCC00463A8B /* Build configuration list for PBXProject "mapMally" */ = {
			isa = XCConfigurationList;
			buildConfigurations = (
				20054A351A3F9DCD00463A8B /* Debug */,
				20054A361A3F9DCD00463A8B /* Release */,
			);
			defaultConfigurationIsVisible = 0;
			defaultConfigurationName = Release;
		};
		20054A371A3F9DCD00463A8B /* Build configuration list for PBXNativeTarget "mapMally" */ = {
			isa = XCConfigurationList;
			buildConfigurations = (
				20054A381A3F9DCD00463A8B /* Debug */,
				20054A391A3F9DCD00463A8B /* Release */,
			);
			defaultConfigurationIsVisible = 0;
		};
		20054A3A1A3F9DCD00463A8B /* Build configuration list for PBXNativeTarget "mapMallyTests" */ = {
			isa = XCConfigurationList;
			buildConfigurations = (
				20054A3B1A3F9DCD00463A8B /* Debug */,
				20054A3C1A3F9DCD00463A8B /* Release */,
			);
			defaultConfigurationIsVisible = 0;
		};
/* End XCConfigurationList section */
	};
	rootObject = 20054A101A3F9DCC00463A8B /* Project object */;
}
